
Microsoft Visual Studio Solution File, Format Version 12.00
# Visual Studio Version 16
VisualStudioVersion = 16.0.33927.289
MinimumVisualStudioVersion = 10.0.40219.1
Project("{FAE04EC0-301F-11D3-BF4B-00C04F79EFBC}") = "PickUp2U", "PickUp2U\PickUp2U.csproj", "{AF2E0EA4-792F-4AF8-8D2B-583A9232694D}"
EndProject
Global
	GlobalSection(SolutionConfigurationPlatforms) = preSolution
		Debug|Any CPU = Debug|Any CPU
		Release|Any CPU = Release|Any CPU
	EndGlobalSection
	GlobalSection(ProjectConfigurationPlatforms) = postSolution
		{AF2E0EA4-792F-4AF8-8D2B-583A9232694D}.Debug|Any CPU.ActiveCfg = Debug|Any CPU
		{AF2E0EA4-792F-4AF8-8D2B-583A9232694D}.Debug|Any CPU.Build.0 = Debug|Any CPU
		{AF2E0EA4-792F-4AF8-8D2B-583A9232694D}.Release|Any CPU.ActiveCfg = Release|Any CPU
		{AF2E0EA4-792F-4AF8-8D2B-583A9232694D}.Release|Any CPU.Build.0 = Release|Any CPU
	EndGlobalSection
	GlobalSection(SolutionProperties) = preSolution
		HideSolutionNode = FALSE
	EndGlobalSection
	GlobalSection(ExtensibilityGlobals) = postSolution
		SolutionGuid = {BA9137F8-7FB6-4EB0-A895-1E8BC8DCAD28}
	EndGlobalSection
EndGlobal
