
Microsoft Visual Studio Solution File, Format Version 12.00
# Visual Studio Version 16
VisualStudioVersion = 16.0.33927.289
MinimumVisualStudioVersion = 10.0.40219.1
Project("{FAE04EC0-301F-11D3-BF4B-00C04F79EFBC}") = "ProgressSettingForm", "WindowsFormsApp2\ProgressSettingForm.csproj", "{F5F3CAB3-A094-4B44-A4A9-D79659B492F7}"
EndProject
Project("{FAE04EC0-301F-11D3-BF4B-00C04F79EFBC}") = "UserForm", "UserForm\UserForm.csproj", "{5BE22759-91EC-4A74-9EB2-495FC16482FF}"
EndProject
Project("{FAE04EC0-301F-11D3-BF4B-00C04F79EFBC}") = "ShopForm", "Shop\ShopForm.csproj", "{B56CBF3C-F419-4A39-AC46-825821F9E375}"
EndProject
Project("{FAE04EC0-301F-11D3-BF4B-00C04F79EFBC}") = "PaymentForm", "Payment\PaymentForm.csproj", "{7EB4E98F-3B21-4896-A711-7454E6BACA68}"
EndProject
Project("{FAE04EC0-301F-11D3-BF4B-00C04F79EFBC}") = "SearchForm", "SearchForm\SearchForm.csproj", "{A4207AB8-2CF6-488D-8BC9-D1680BA47525}"
EndProject
Project("{FAE04EC0-301F-11D3-BF4B-00C04F79EFBC}") = "OrderDetailForm", "OrderDetailForm\OrderDetailForm.csproj", "{7AC07B27-0CDD-40C0-8AFD-5728128B94FC}"
EndProject
Project("{FAE04EC0-301F-11D3-BF4B-00C04F79EFBC}") = "MainUserForm", "MainUserForm\MainUserForm.csproj", "{383AA0A4-E08A-4E65-9827-BD0C4715DA61}"
EndProject
Project("{FAE04EC0-301F-11D3-BF4B-00C04F79EFBC}") = "MainAdminForm", "MainAdminForm\MainAdminForm.csproj", "{E52B4F43-BC4A-48F0-9FB7-637F9CE51547}"
EndProject
Global
	GlobalSection(SolutionConfigurationPlatforms) = preSolution
		Debug|Any CPU = Debug|Any CPU
		Release|Any CPU = Release|Any CPU
	EndGlobalSection
	GlobalSection(ProjectConfigurationPlatforms) = postSolution
		{F5F3CAB3-A094-4B44-A4A9-D79659B492F7}.Debug|Any CPU.ActiveCfg = Debug|Any CPU
		{F5F3CAB3-A094-4B44-A4A9-D79659B492F7}.Debug|Any CPU.Build.0 = Debug|Any CPU
		{F5F3CAB3-A094-4B44-A4A9-D79659B492F7}.Release|Any CPU.ActiveCfg = Release|Any CPU
		{F5F3CAB3-A094-4B44-A4A9-D79659B492F7}.Release|Any CPU.Build.0 = Release|Any CPU
		{5BE22759-91EC-4A74-9EB2-495FC16482FF}.Debug|Any CPU.ActiveCfg = Debug|Any CPU
		{5BE22759-91EC-4A74-9EB2-495FC16482FF}.Debug|Any CPU.Build.0 = Debug|Any CPU
		{5BE22759-91EC-4A74-9EB2-495FC16482FF}.Release|Any CPU.ActiveCfg = Release|Any CPU
		{5BE22759-91EC-4A74-9EB2-495FC16482FF}.Release|Any CPU.Build.0 = Release|Any CPU
		{B56CBF3C-F419-4A39-AC46-825821F9E375}.Debug|Any CPU.ActiveCfg = Debug|Any CPU
		{B56CBF3C-F419-4A39-AC46-825821F9E375}.Debug|Any CPU.Build.0 = Debug|Any CPU
		{B56CBF3C-F419-4A39-AC46-825821F9E375}.Release|Any CPU.ActiveCfg = Release|Any CPU
		{B56CBF3C-F419-4A39-AC46-825821F9E375}.Release|Any CPU.Build.0 = Release|Any CPU
		{7EB4E98F-3B21-4896-A711-7454E6BACA68}.Debug|Any CPU.ActiveCfg = Debug|Any CPU
		{7EB4E98F-3B21-4896-A711-7454E6BACA68}.Debug|Any CPU.Build.0 = Debug|Any CPU
		{7EB4E98F-3B21-4896-A711-7454E6BACA68}.Release|Any CPU.ActiveCfg = Release|Any CPU
		{7EB4E98F-3B21-4896-A711-7454E6BACA68}.Release|Any CPU.Build.0 = Release|Any CPU
		{A4207AB8-2CF6-488D-8BC9-D1680BA47525}.Debug|Any CPU.ActiveCfg = Debug|Any CPU
		{A4207AB8-2CF6-488D-8BC9-D1680BA47525}.Debug|Any CPU.Build.0 = Debug|Any CPU
		{A4207AB8-2CF6-488D-8BC9-D1680BA47525}.Release|Any CPU.ActiveCfg = Release|Any CPU
		{A4207AB8-2CF6-488D-8BC9-D1680BA47525}.Release|Any CPU.Build.0 = Release|Any CPU
		{7AC07B27-0CDD-40C0-8AFD-5728128B94FC}.Debug|Any CPU.ActiveCfg = Debug|Any CPU
		{7AC07B27-0CDD-40C0-8AFD-5728128B94FC}.Debug|Any CPU.Build.0 = Debug|Any CPU
		{7AC07B27-0CDD-40C0-8AFD-5728128B94FC}.Release|Any CPU.ActiveCfg = Release|Any CPU
		{7AC07B27-0CDD-40C0-8AFD-5728128B94FC}.Release|Any CPU.Build.0 = Release|Any CPU
		{383AA0A4-E08A-4E65-9827-BD0C4715DA61}.Debug|Any CPU.ActiveCfg = Debug|Any CPU
		{383AA0A4-E08A-4E65-9827-BD0C4715DA61}.Debug|Any CPU.Build.0 = Debug|Any CPU
		{383AA0A4-E08A-4E65-9827-BD0C4715DA61}.Release|Any CPU.ActiveCfg = Release|Any CPU
		{383AA0A4-E08A-4E65-9827-BD0C4715DA61}.Release|Any CPU.Build.0 = Release|Any CPU
		{E52B4F43-BC4A-48F0-9FB7-637F9CE51547}.Debug|Any CPU.ActiveCfg = Debug|Any CPU
		{E52B4F43-BC4A-48F0-9FB7-637F9CE51547}.Debug|Any CPU.Build.0 = Debug|Any CPU
		{E52B4F43-BC4A-48F0-9FB7-637F9CE51547}.Release|Any CPU.ActiveCfg = Release|Any CPU
		{E52B4F43-BC4A-48F0-9FB7-637F9CE51547}.Release|Any CPU.Build.0 = Release|Any CPU
	EndGlobalSection
	GlobalSection(SolutionProperties) = preSolution
		HideSolutionNode = FALSE
	EndGlobalSection
	GlobalSection(ExtensibilityGlobals) = postSolution
		SolutionGuid = {55EC7B5C-BA30-410D-80A5-A95F2310BE1B}
	EndGlobalSection
EndGlobal
